
Microsoft Visual Studio Solution File, Format Version 12.00
# Visual Studio Version 16
VisualStudioVersion = 16.0.30907.101
MinimumVisualStudioVersion = 10.0.40219.1
Project("{FAE04EC0-301F-11D3-BF4B-00C04F79EFBC}") = "TodoListExample", "TodoListExample\TodoListExample.csproj", "{A9BB8A94-B8D9-48AC-899D-74CB7AAC659B}"
EndProject
Global
	GlobalSection(SolutionConfigurationPlatforms) = preSolution
		Debug|Any CPU = Debug|Any CPU
		Release|Any CPU = Release|Any CPU
	EndGlobalSection
	GlobalSection(ProjectConfigurationPlatforms) = postSolution
		{A9BB8A94-B8D9-48AC-899D-74CB7AAC659B}.Debug|Any CPU.ActiveCfg = Debug|Any CPU
		{A9BB8A94-B8D9-48AC-899D-74CB7AAC659B}.Debug|Any CPU.Build.0 = Debug|Any CPU
		{A9BB8A94-B8D9-48AC-899D-74CB7AAC659B}.Release|Any CPU.ActiveCfg = Release|Any CPU
		{A9BB8A94-B8D9-48AC-899D-74CB7AAC659B}.Release|Any CPU.Build.0 = Release|Any CPU
	EndGlobalSection
	GlobalSection(SolutionProperties) = preSolution
		HideSolutionNode = FALSE
	EndGlobalSection
	GlobalSection(ExtensibilityGlobals) = postSolution
		SolutionGuid = {EB6CD202-7784-4867-96D2-05F33535722F}
	EndGlobalSection
EndGlobal
